
Microsoft Visual Studio Solution File, Format Version 12.00
# Visual Studio Version 17
VisualStudioVersion = 17.4.33103.184
MinimumVisualStudioVersion = 10.0.40219.1
Project("{FAE04EC0-301F-11D3-BF4B-00C04F79EFBC}") = "ProgressControl", "ProgressControl.csproj", "{441B6F47-98F8-4B50-B901-E51256C11058}"
EndProject
Global
	GlobalSection(SolutionConfigurationPlatforms) = preSolution
		Debug|Any CPU = Debug|Any CPU
		Release|Any CPU = Release|Any CPU
	EndGlobalSection
	GlobalSection(ProjectConfigurationPlatforms) = postSolution
		{441B6F47-98F8-4B50-B901-E51256C11058}.Debug|Any CPU.ActiveCfg = Debug|Any CPU
		{441B6F47-98F8-4B50-B901-E51256C11058}.Debug|Any CPU.Build.0 = Debug|Any CPU
		{441B6F47-98F8-4B50-B901-E51256C11058}.Release|Any CPU.ActiveCfg = Release|Any CPU
		{441B6F47-98F8-4B50-B901-E51256C11058}.Release|Any CPU.Build.0 = Release|Any CPU
	EndGlobalSection
	GlobalSection(SolutionProperties) = preSolution
		HideSolutionNode = FALSE
	EndGlobalSection
	GlobalSection(ExtensibilityGlobals) = postSolution
		SolutionGuid = {FE73F356-99EE-4A75-BEB2-DBC7E6CA8AF2}
	EndGlobalSection
EndGlobal
